{
  "requires": true,
  "lockfileVersion": 1,
  "dependencies": {
    "hexo-tag-instagram": {
      "version": "1.1.0",
      "resolved": "https://registry.npmjs.org/hexo-tag-instagram/-/hexo-tag-instagram-1.1.0.tgz",
      "integrity": "sha512-qzkX7IkTgyYdaiNUd8w82vjpLFm9RzK3CnJYPylrTcwCSVoU+gA+Gf16Usdj9M63TK8OshV2yk1C2rQrATbAFw=="
    }
  }
}
